# This file is automatically @generated by Cargo.
# It is not intended for manual editing.
version = 3

[[package]]
name = "cflake-engine"
version = "0.1.2"

[[package]]
name = "ecs"
version = "0.1.0"
dependencies = [
 "fnv",
 "lazy_static",
 "ordered_vec",
 "others",
]

[[package]]
name = "fnv"
version = "1.0.7"
source = "registry+https://github.com/rust-lang/crates.io-index"
checksum = "3f9eec918d3f24069decb9af1554cad7c880e2da24a9afd88aca000531ab82c1"

[[package]]
name = "lazy_static"
version = "1.4.0"
source = "registry+https://github.com/rust-lang/crates.io-index"
checksum = "e2abad23fbc42b3700f2f279844dc832adb2b2eb069b2df918f455c4e18cc646"

[[package]]
name = "ordered_vec"
version = "0.1.1"
source = "git+https://github.com/jedjoud10/ordered_vec#92cdcb21fac01b81292e7a92979851ce2bb4eb48"

[[package]]
name = "others"
version = "0.1.0"
dependencies = [
 "lazy_static",
]
